
Microsoft Visual Studio Solution File, Format Version 12.00
# Visual Studio Version 16
VisualStudioVersion = 16.0.32413.511
MinimumVisualStudioVersion = 10.0.40219.1
Project("{9A19103F-16F7-4668-BE54-9A1E7A4F7556}") = "PolygonCreator", "Geometry\PolygonCreator.csproj", "{9C2DE34A-8F8B-4DC0-B2F2-31F29A57B217}"
EndProject
Project("{9A19103F-16F7-4668-BE54-9A1E7A4F7556}") = "BoxContainer", "BoxContainer\BoxContainer.csproj", "{A6C5288B-9EAD-49B7-8D9E-8D5843817303}"
EndProject
Project("{FAE04EC0-301F-11D3-BF4B-00C04F79EFBC}") = "UnitTests", "UnitTests\UnitTests.csproj", "{7B35552E-F7CD-4994-9F91-47905EA183BE}"
EndProject
Global
	GlobalSection(SolutionConfigurationPlatforms) = preSolution
		Debug|Any CPU = Debug|Any CPU
		Release|Any CPU = Release|Any CPU
	EndGlobalSection
	GlobalSection(ProjectConfigurationPlatforms) = postSolution
		{9C2DE34A-8F8B-4DC0-B2F2-31F29A57B217}.Debug|Any CPU.ActiveCfg = Debug|Any CPU
		{9C2DE34A-8F8B-4DC0-B2F2-31F29A57B217}.Debug|Any CPU.Build.0 = Debug|Any CPU
		{9C2DE34A-8F8B-4DC0-B2F2-31F29A57B217}.Release|Any CPU.ActiveCfg = Release|Any CPU
		{9C2DE34A-8F8B-4DC0-B2F2-31F29A57B217}.Release|Any CPU.Build.0 = Release|Any CPU
		{A6C5288B-9EAD-49B7-8D9E-8D5843817303}.Debug|Any CPU.ActiveCfg = Debug|Any CPU
		{A6C5288B-9EAD-49B7-8D9E-8D5843817303}.Debug|Any CPU.Build.0 = Debug|Any CPU
		{A6C5288B-9EAD-49B7-8D9E-8D5843817303}.Release|Any CPU.ActiveCfg = Release|Any CPU
		{A6C5288B-9EAD-49B7-8D9E-8D5843817303}.Release|Any CPU.Build.0 = Release|Any CPU
		{7B35552E-F7CD-4994-9F91-47905EA183BE}.Debug|Any CPU.ActiveCfg = Debug|Any CPU
		{7B35552E-F7CD-4994-9F91-47905EA183BE}.Debug|Any CPU.Build.0 = Debug|Any CPU
		{7B35552E-F7CD-4994-9F91-47905EA183BE}.Release|Any CPU.ActiveCfg = Release|Any CPU
		{7B35552E-F7CD-4994-9F91-47905EA183BE}.Release|Any CPU.Build.0 = Release|Any CPU
	EndGlobalSection
	GlobalSection(SolutionProperties) = preSolution
		HideSolutionNode = FALSE
	EndGlobalSection
	GlobalSection(ExtensibilityGlobals) = postSolution
		SolutionGuid = {642942E4-13E5-4C9B-90AB-53E395225355}
	EndGlobalSection
EndGlobal
